// !$*UTF8*$!
{
	archiveVersion = 1;
	classes = {
	};
	objectVersion = 46;
	objects = {

/* Begin PBXBuildFile section */
		D532E7B71E803EB700C6C52A /* AppDelegate.swift in Sources */ = {isa = PBXBuildFile; fileRef = D532E7B61E803EB700C6C52A /* AppDelegate.swift */; };
		D532E7B91E803EB700C6C52A /* ViewController.swift in Sources */ = {isa = PBXBuildFile; fileRef = D532E7B81E803EB700C6C52A /* ViewController.swift */; };
		D532E7BC1E803EB700C6C52A /* Main.storyboard in Resources */ = {isa = PBXBuildFile; fileRef = D532E7BA1E803EB700C6C52A /* Main.storyboard */; };
		D532E7BE1E803EB700C6C52A /* Assets.xcassets in Resources */ = {isa = PBXBuildFile; fileRef = D532E7BD1E803EB700C6C52A /* Assets.xcassets */; };
		D532E7C11E803EB700C6C52A /* LaunchScreen.storyboard in Resources */ = {isa = PBXBuildFile; fileRef = D532E7BF1E803EB700C6C52A /* LaunchScreen.storyboard */; };
		D532E7CC1E803EB700C6C52A /* CalculatorTests.swift in Sources */ = {isa = PBXBuildFile; fileRef = D532E7CB1E803EB700C6C52A /* CalculatorTests.swift */; };
		D532E7D71E803EB800C6C52A /* CalculatorUITests.swift in Sources */ = {isa = PBXBuildFile; fileRef = D532E7D61E803EB800C6C52A /* CalculatorUITests.swift */; };
/* End PBXBuildFile section */

/* Begin PBXContainerItemProxy section */
		D532E7C81E803EB700C6C52A /* PBXContainerItemProxy */ = {
			isa = PBXContainerItemProxy;
			containerPortal = D532E7AB1E803EB700C6C52A /* Project object */;
			proxyType = 1;
			remoteGlobalIDString = D532E7B21E803EB700C6C52A;
			remoteInfo = Calculator;
		};
		D532E7D31E803EB700C6C52A /* PBXContainerItemProxy */ = {
			isa = PBXContainerItemProxy;
			containerPortal = D532E7AB1E803EB700C6C52A /* Project object */;
			proxyType = 1;
			remoteGlobalIDString = D532E7B21E803EB700C6C52A;
			remoteInfo = Calculator;
		};
/* End PBXContainerItemProxy section */

/* Begin PBXFileReference section */
		D532E7B31E803EB700C6C52A /* Calculator.app */ = {isa = PBXFileReference; explicitFileType = wrapper.application; includeInIndex = 0; path = Calculator.app; sourceTree = BUILT_PRODUCTS_DIR; };
		D532E7B61E803EB700C6C52A /* AppDelegate.swift */ = {isa = PBXFileReference; lastKnownFileType = sourcecode.swift; path = AppDelegate.swift; sourceTree = "<group>"; };
		D532E7B81E803EB700C6C52A /* ViewController.swift */ = {isa = PBXFileReference; lastKnownFileType = sourcecode.swift; path = ViewController.swift; sourceTree = "<group>"; };
		D532E7BB1E803EB700C6C52A /* Base */ = {isa = PBXFileReference; lastKnownFileType = file.storyboard; name = Base; path = Base.lproj/Main.storyboard; sourceTree = "<group>"; };
		D532E7BD1E803EB700C6C52A /* Assets.xcassets */ = {isa = PBXFileReference; lastKnownFileType = folder.assetcatalog; path = Assets.xcassets; sourceTree = "<group>"; };
		D532E7C01E803EB700C6C52A /* Base */ = {isa = PBXFileReference; lastKnownFileType = file.storyboard; name = Base; path = Base.lproj/LaunchScreen.storyboard; sourceTree = "<group>"; };
		D532E7C21E803EB700C6C52A /* Info.plist */ = {isa = PBXFileReference; lastKnownFileType = text.plist.xml; path = Info.plist; sourceTree = "<group>"; };
		D532E7C71E803EB700C6C52A /* CalculatorTests.xctest */ = {isa = PBXFileReference; explicitFileType = wrapper.cfbundle; includeInIndex = 0; path = CalculatorTests.xctest; sourceTree = BUILT_PRODUCTS_DIR; };
		D532E7CB1E803EB700C6C52A /* CalculatorTests.swift */ = {isa = PBXFileReference; lastKnownFileType = sourcecode.swift; path = CalculatorTests.swift; sourceTree = "<group>"; };
		D532E7CD1E803EB700C6C52A /* Info.plist */ = {isa = PBXFileReference; lastKnownFileType = text.plist.xml; path = Info.plist; sourceTree = "<group>"; };
		D532E7D21E803EB700C6C52A /* CalculatorUITests.xctest */ = {isa = PBXFileReference; explicitFileType = wrapper.cfbundle; includeInIndex = 0; path = CalculatorUITests.xctest; sourceTree = BUILT_PRODUCTS_DIR; };
		D532E7D61E803EB800C6C52A /* CalculatorUITests.swift */ = {isa = PBXFileReference; lastKnownFileType = sourcecode.swift; path = CalculatorUITests.swift; sourceTree = "<group>"; };
		D532E7D81E803EB800C6C52A /* Info.plist */ = {isa = PBXFileReference; lastKnownFileType = text.plist.xml; path = Info.plist; sourceTree = "<group>"; };
/* End PBXFileReference section */

/* Begin PBXFrameworksBuildPhase section */
		D532E7B01E803EB700C6C52A /* Frameworks */ = {
			isa = PBXFrameworksBuildPhase;
			buildActionMask = 2147483647;
			files = (
			);
			runOnlyForDeploymentPostprocessing = 0;
		};
		D532E7C41E803EB700C6C52A /* Frameworks */ = {
			isa = PBXFrameworksBuildPhase;
			buildActionMask = 2147483647;
			files = (
			);
			runOnlyForDeploymentPostprocessing = 0;
		};
		D532E7CF1E803EB700C6C52A /* Frameworks */ = {
			isa = PBXFrameworksBuildPhase;
			buildActionMask = 2147483647;
			files = (
			);
			runOnlyForDeploymentPostprocessing = 0;
		};
/* End PBXFrameworksBuildPhase section */

/* Begin PBXGroup section */
		D532E7AA1E803EB700C6C52A = {
			isa = PBXGroup;
			children = (
				D532E7B51E803EB700C6C52A /* Calculator */,
				D532E7CA1E803EB700C6C52A /* CalculatorTests */,
				D532E7D51E803EB800C6C52A /* CalculatorUITests */,
				D532E7B41E803EB700C6C52A /* Products */,
			);
			sourceTree = "<group>";
		};
		D532E7B41E803EB700C6C52A /* Products */ = {
			isa = PBXGroup;
			children = (
				D532E7B31E803EB700C6C52A /* Calculator.app */,
				D532E7C71E803EB700C6C52A /* CalculatorTests.xctest */,
				D532E7D21E803EB700C6C52A /* CalculatorUITests.xctest */,
			);
			name = Products;
			sourceTree = "<group>";
		};
		D532E7B51E803EB700C6C52A /* Calculator */ = {
			isa = PBXGroup;
			children = (
				D532E7B61E803EB700C6C52A /* AppDelegate.swift */,
				D532E7B81E803EB700C6C52A /* ViewController.swift */,
				D532E7BA1E803EB700C6C52A /* Main.storyboard */,
				D532E7BD1E803EB700C6C52A /* Assets.xcassets */,
				D532E7BF1E803EB700C6C52A /* LaunchScreen.storyboard */,
				D532E7C21E803EB700C6C52A /* Info.plist */,
			);
			path = Calculator;
			sourceTree = "<group>";
		};
		D532E7CA1E803EB700C6C52A /* CalculatorTests */ = {
			isa = PBXGroup;
			children = (
				D532E7CB1E803EB700C6C52A /* CalculatorTests.swift */,
				D532E7CD1E803EB700C6C52A /* Info.plist */,
			);
			path = CalculatorTests;
			sourceTree = "<group>";
		};
		D532E7D51E803EB800C6C52A /* CalculatorUITests */ = {
			isa = PBXGroup;
			children = (
				D532E7D61E803EB800C6C52A /* CalculatorUITests.swift */,
				D532E7D81E803EB800C6C52A /* Info.plist */,
			);
			path = CalculatorUITests;
			sourceTree = "<group>";
		};
/* End PBXGroup section */

/* Begin PBXNativeTarget section */
		D532E7B21E803EB700C6C52A /* Calculator */ = {
			isa = PBXNativeTarget;
			buildConfigurationList = D532E7DB1E803EB800C6C52A /* Build configuration list for PBXNativeTarget "Calculator" */;
			buildPhases = (
				D532E7AF1E803EB700C6C52A /* Sources */,
				D532E7B01E803EB700C6C52A /* Frameworks */,
				D532E7B11E803EB700C6C52A /* Resources */,
			);
			buildRules = (
			);
			dependencies = (
			);
			name = Calculator;
			productName = Calculator;
			productReference = D532E7B31E803EB700C6C52A /* Calculator.app */;
			productType = "com.apple.product-type.application";
		};
		D532E7C61E803EB700C6C52A /* CalculatorTests */ = {
			isa = PBXNativeTarget;
			buildConfigurationList = D532E7DE1E803EB800C6C52A /* Build configuration list for PBXNativeTarget "CalculatorTests" */;
			buildPhases = (
				D532E7C31E803EB700C6C52A /* Sources */,
				D532E7C41E803EB700C6C52A /* Frameworks */,
				D532E7C51E803EB700C6C52A /* Resources */,
			);
			buildRules = (
			);
			dependencies = (
				D532E7C91E803EB700C6C52A /* PBXTargetDependency */,
			);
			name = CalculatorTests;
			productName = CalculatorTests;
			productReference = D532E7C71E803EB700C6C52A /* CalculatorTests.xctest */;
			productType = "com.apple.product-type.bundle.unit-test";
		};
		D532E7D11E803EB700C6C52A /* CalculatorUITests */ = {
			isa = PBXNativeTarget;
			buildConfigurationList = D532E7E11E803EB800C6C52A /* Build configuration list for PBXNativeTarget "CalculatorUITests" */;
			buildPhases = (
				D532E7CE1E803EB700C6C52A /* Sources */,
				D532E7CF1E803EB700C6C52A /* Frameworks */,
				D532E7D01E803EB700C6C52A /* Resources */,
			);
			buildRules = (
			);
			dependencies = (
				D532E7D41E803EB700C6C52A /* PBXTargetDependency */,
			);
			name = CalculatorUITests;
			productName = CalculatorUITests;
			productReference = D532E7D21E803EB700C6C52A /* CalculatorUITests.xctest */;
			productType = "com.apple.product-type.bundle.ui-testing";
		};
/* End PBXNativeTarget section */

/* Begin PBXProject section */
		D532E7AB1E803EB700C6C52A /* Project object */ = {
			isa = PBXProject;
			attributes = {
				LastSwiftUpdateCheck = 0820;
				LastUpgradeCheck = 0820;
				ORGANIZATIONNAME = riis;
				TargetAttributes = {
					D532E7B21E803EB700C6C52A = {
						CreatedOnToolsVersion = 8.2.1;
						ProvisioningStyle = Automatic;
					};
					D532E7C61E803EB700C6C52A = {
						CreatedOnToolsVersion = 8.2.1;
						ProvisioningStyle = Automatic;
						TestTargetID = D532E7B21E803EB700C6C52A;
					};
					D532E7D11E803EB700C6C52A = {
						CreatedOnToolsVersion = 8.2.1;
						ProvisioningStyle = Automatic;
						TestTargetID = D532E7B21E803EB700C6C52A;
					};
				};
			};
			buildConfigurationList = D532E7AE1E803EB700C6C52A /* Build configuration list for PBXProject "Calculator" */;
			compatibilityVersion = "Xcode 3.2";
			developmentRegion = English;
			hasScannedForEncodings = 0;
			knownRegions = (
				en,
				Base,
			);
			mainGroup = D532E7AA1E803EB700C6C52A;
			productRefGroup = D532E7B41E803EB700C6C52A /* Products */;
			projectDirPath = "";
			projectRoot = "";
			targets = (
				D532E7B21E803EB700C6C52A /* Calculator */,
				D532E7C61E803EB700C6C52A /* CalculatorTests */,
				D532E7D11E803EB700C6C52A /* CalculatorUITests */,
			);
		};
/* End PBXProject section */

/* Begin PBXResourcesBuildPhase section */
		D532E7B11E803EB700C6C52A /* Resources */ = {
			isa = PBXResourcesBuildPhase;
			buildActionMask = 2147483647;
			files = (
				D532E7C11E803EB700C6C52A /* LaunchScreen.storyboard in Resources */,
				D532E7BE1E803EB700C6C52A /* Assets.xcassets in Resources */,
				D532E7BC1E803EB700C6C52A /* Main.storyboard in Resources */,
			);
			runOnlyForDeploymentPostprocessing = 0;
		};
		D532E7C51E803EB700C6C52A /* Resources */ = {
			isa = PBXResourcesBuildPhase;
			buildActionMask = 2147483647;
			files = (
			);
			runOnlyForDeploymentPostprocessing = 0;
		};
		D532E7D01E803EB700C6C52A /* Resources */ = {
			isa = PBXResourcesBuildPhase;
			buildActionMask = 2147483647;
			files = (
			);
			runOnlyForDeploymentPostprocessing = 0;
		};
/* End PBXResourcesBuildPhase section */

/* Begin PBXSourcesBuildPhase section */
		D532E7AF1E803EB700C6C52A /* Sources */ = {
			isa = PBXSourcesBuildPhase;
			buildActionMask = 2147483647;
			files = (
				D532E7B91E803EB700C6C52A /* ViewController.swift in Sources */,
				D532E7B71E803EB700C6C52A /* AppDelegate.swift in Sources */,
			);
			runOnlyForDeploymentPostprocessing = 0;
		};
		D532E7C31E803EB700C6C52A /* Sources */ = {
			isa = PBXSourcesBuildPhase;
			buildActionMask = 2147483647;
			files = (
				D532E7CC1E803EB700C6C52A /* CalculatorTests.swift in Sources */,
			);
			runOnlyForDeploymentPostprocessing = 0;
		};
		D532E7CE1E803EB700C6C52A /* Sources */ = {
			isa = PBXSourcesBuildPhase;
			buildActionMask = 2147483647;
			files = (
				D532E7D71E803EB800C6C52A /* CalculatorUITests.swift in Sources */,
			);
			runOnlyForDeploymentPostprocessing = 0;
		};
/* End PBXSourcesBuildPhase section */

/* Begin PBXTargetDependency section */
		D532E7C91E803EB700C6C52A /* PBXTargetDependency */ = {
			isa = PBXTargetDependency;
			target = D532E7B21E803EB700C6C52A /* Calculator */;
			targetProxy = D532E7C81E803EB700C6C52A /* PBXContainerItemProxy */;
		};
		D532E7D41E803EB700C6C52A /* PBXTargetDependency */ = {
			isa = PBXTargetDependency;
			target = D532E7B21E803EB700C6C52A /* Calculator */;
			targetProxy = D532E7D31E803EB700C6C52A /* PBXContainerItemProxy */;
		};
/* End PBXTargetDependency section */

/* Begin PBXVariantGroup section */
		D532E7BA1E803EB700C6C52A /* Main.storyboard */ = {
			isa = PBXVariantGroup;
			children = (
				D532E7BB1E803EB700C6C52A /* Base */,
			);
			name = Main.storyboard;
			sourceTree = "<group>";
		};
		D532E7BF1E803EB700C6C52A /* LaunchScreen.storyboard */ = {
			isa = PBXVariantGroup;
			children = (
				D532E7C01E803EB700C6C52A /* Base */,
			);
			name = LaunchScreen.storyboard;
			sourceTree = "<group>";
		};
/* End PBXVariantGroup section */

/* Begin XCBuildConfiguration section */
		D532E7D91E803EB800C6C52A /* Debug */ = {
			isa = XCBuildConfiguration;
			buildSettings = {
				ALWAYS_SEARCH_USER_PATHS = NO;
				CLANG_ANALYZER_NONNULL = YES;
				CLANG_CXX_LANGUAGE_STANDARD = "gnu++0x";
				CLANG_CXX_LIBRARY = "libc++";
				CLANG_ENABLE_MODULES = YES;
				CLANG_ENABLE_OBJC_ARC = YES;
				CLANG_WARN_BOOL_CONVERSION = YES;
				CLANG_WARN_CONSTANT_CONVERSION = YES;
				CLANG_WARN_DIRECT_OBJC_ISA_USAGE = YES_ERROR;
				CLANG_WARN_DOCUMENTATION_COMMENTS = YES;
				CLANG_WARN_EMPTY_BODY = YES;
				CLANG_WARN_ENUM_CONVERSION = YES;
				CLANG_WARN_INFINITE_RECURSION = YES;
				CLANG_WARN_INT_CONVERSION = YES;
				CLANG_WARN_OBJC_ROOT_CLASS = YES_ERROR;
				CLANG_WARN_SUSPICIOUS_MOVE = YES;
				CLANG_WARN_UNREACHABLE_CODE = YES;
				CLANG_WARN__DUPLICATE_METHOD_MATCH = YES;
				"CODE_SIGN_IDENTITY[sdk=iphoneos*]" = "iPhone Developer";
				COPY_PHASE_STRIP = NO;
				DEBUG_INFORMATION_FORMAT = dwarf;
				ENABLE_STRICT_OBJC_MSGSEND = YES;
				ENABLE_TESTABILITY = YES;
				GCC_C_LANGUAGE_STANDARD = gnu99;
				GCC_DYNAMIC_NO_PIC = NO;
				GCC_NO_COMMON_BLOCKS = YES;
				GCC_OPTIMIZATION_LEVEL = 0;
				GCC_PREPROCESSOR_DEFINITIONS = (
					"DEBUG=1",
					"$(inherited)",
				);
				GCC_WARN_64_TO_32_BIT_CONVERSION = YES;
				GCC_WARN_ABOUT_RETURN_TYPE = YES_ERROR;
				GCC_WARN_UNDECLARED_SELECTOR = YES;
				GCC_WARN_UNINITIALIZED_AUTOS = YES_AGGRESSIVE;
				GCC_WARN_UNUSED_FUNCTION = YES;
				GCC_WARN_UNUSED_VARIABLE = YES;
				IPHONEOS_DEPLOYMENT_TARGET = 10.2;
				MTL_ENABLE_DEBUG_INFO = YES;
				ONLY_ACTIVE_ARCH = YES;
				SDKROOT = iphoneos;
				SWIFT_ACTIVE_COMPILATION_CONDITIONS = DEBUG;
				SWIFT_OPTIMIZATION_LEVEL = "-Onone";
			};
			name = Debug;
		};
		D532E7DA1E803EB800C6C52A /* Release */ = {
			isa = XCBuildConfiguration;
			buildSettings = {
				ALWAYS_SEARCH_USER_PATHS = NO;
				CLANG_ANALYZER_NONNULL = YES;
				CLANG_CXX_LANGUAGE_STANDARD = "gnu++0x";
				CLANG_CXX_LIBRARY = "libc++";
				CLANG_ENABLE_MODULES = YES;
				CLANG_ENABLE_OBJC_ARC = YES;
				CLANG_WARN_BOOL_CONVERSION = YES;
				CLANG_WARN_CONSTANT_CONVERSION = YES;
				CLANG_WARN_DIRECT_OBJC_ISA_USAGE = YES_ERROR;
				CLANG_WARN_DOCUMENTATION_COMMENTS = YES;
				CLANG_WARN_EMPTY_BODY = YES;
				CLANG_WARN_ENUM_CONVERSION = YES;
				CLANG_WARN_INFINITE_RECURSION = YES;
				CLANG_WARN_INT_CONVERSION = YES;
				CLANG_WARN_OBJC_ROOT_CLASS = YES_ERROR;
				CLANG_WARN_SUSPICIOUS_MOVE = YES;
				CLANG_WARN_UNREACHABLE_CODE = YES;
				CLANG_WARN__DUPLICATE_METHOD_MATCH = YES;
				"CODE_SIGN_IDENTITY[sdk=iphoneos*]" = "iPhone Developer";
				COPY_PHASE_STRIP = NO;
				DEBUG_INFORMATION_FORMAT = "dwarf-with-dsym";
				ENABLE_NS_ASSERTIONS = NO;
				ENABLE_STRICT_OBJC_MSGSEND = YES;
				GCC_C_LANGUAGE_STANDARD = gnu99;
				GCC_NO_COMMON_BLOCKS = YES;
				GCC_WARN_64_TO_32_BIT_CONVERSION = YES;
				GCC_WARN_ABOUT_RETURN_TYPE = YES_ERROR;
				GCC_WARN_UNDECLARED_SELECTOR = YES;
				GCC_WARN_UNINITIALIZED_AUTOS = YES_AGGRESSIVE;
				GCC_WARN_UNUSED_FUNCTION = YES;
				GCC_WARN_UNUSED_VARIABLE = YES;
				IPHONEOS_DEPLOYMENT_TARGET = 10.2;
				MTL_ENABLE_DEBUG_INFO = NO;
				SDKROOT = iphoneos;
				SWIFT_OPTIMIZATION_LEVEL = "-Owholemodule";
				VALIDATE_PRODUCT = YES;
			};
			name = Release;
		};
		D532E7DC1E803EB800C6C52A /* Debug */ = {
			isa = XCBuildConfiguration;
			buildSettings = {
				ASSETCATALOG_COMPILER_APPICON_NAME = AppIcon;
				INFOPLIST_FILE = Calculator/Info.plist;
				LD_RUNPATH_SEARCH_PATHS = "$(inherited) @executable_path/Frameworks";
				PRODUCT_BUNDLE_IDENTIFIER = com.riis.Calculator;
				PRODUCT_NAME = "$(TARGET_NAME)";
				SWIFT_VERSION = 3.0;
			};
			name = Debug;
		};
		D532E7DD1E803EB800C6C52A /* Release */ = {
			isa = XCBuildConfiguration;
			buildSettings = {
				ASSETCATALOG_COMPILER_APPICON_NAME = AppIcon;
				INFOPLIST_FILE = Calculator/Info.plist;
				LD_RUNPATH_SEARCH_PATHS = "$(inherited) @executable_path/Frameworks";
				PRODUCT_BUNDLE_IDENTIFIER = com.riis.Calculator;
				PRODUCT_NAME = "$(TARGET_NAME)";
				SWIFT_VERSION = 3.0;
			};
			name = Release;
		};
		D532E7DF1E803EB800C6C52A /* Debug */ = {
			isa = XCBuildConfiguration;
			buildSettings = {
				ALWAYS_EMBED_SWIFT_STANDARD_LIBRARIES = YES;
				BUNDLE_LOADER = "$(TEST_HOST)";
				INFOPLIST_FILE = CalculatorTests/Info.plist;
				LD_RUNPATH_SEARCH_PATHS = "$(inherited) @executable_path/Frameworks @loader_path/Frameworks";
				PRODUCT_BUNDLE_IDENTIFIER = com.riis.CalculatorTests;
				PRODUCT_NAME = "$(TARGET_NAME)";
				SWIFT_VERSION = 3.0;
				TEST_HOST = "$(BUILT_PRODUCTS_DIR)/Calculator.app/Calculator";
			};
			name = Debug;
		};
		D532E7E01E803EB800C6C52A /* Release */ = {
			isa = XCBuildConfiguration;
			buildSettings = {
				ALWAYS_EMBED_SWIFT_STANDARD_LIBRARIES = YES;
				BUNDLE_LOADER = "$(TEST_HOST)";
				INFOPLIST_FILE = CalculatorTests/Info.plist;
				LD_RUNPATH_SEARCH_PATHS = "$(inherited) @executable_path/Frameworks @loader_path/Frameworks";
				PRODUCT_BUNDLE_IDENTIFIER = com.riis.CalculatorTests;
				PRODUCT_NAME = "$(TARGET_NAME)";
				SWIFT_VERSION = 3.0;
				TEST_HOST = "$(BUILT_PRODUCTS_DIR)/Calculator.app/Calculator";
			};
			name = Release;
		};
		D532E7E21E803EB800C6C52A /* Debug */ = {
			isa = XCBuildConfiguration;
			buildSettings = {
				ALWAYS_EMBED_SWIFT_STANDARD_LIBRARIES = YES;
				INFOPLIST_FILE = CalculatorUITests/Info.plist;
				LD_RUNPATH_SEARCH_PATHS = "$(inherited) @executable_path/Frameworks @loader_path/Frameworks";
				PRODUCT_BUNDLE_IDENTIFIER = com.riis.CalculatorUITests;
				PRODUCT_NAME = "$(TARGET_NAME)";
				SWIFT_VERSION = 3.0;
				TEST_TARGET_NAME = Calculator;
			};
			name = Debug;
		};
		D532E7E31E803EB800C6C52A /* Release */ = {
			isa = XCBuildConfiguration;
			buildSettings = {
				ALWAYS_EMBED_SWIFT_STANDARD_LIBRARIES = YES;
				INFOPLIST_FILE = CalculatorUITests/Info.plist;
				LD_RUNPATH_SEARCH_PATHS = "$(inherited) @executable_path/Frameworks @loader_path/Frameworks";
				PRODUCT_BUNDLE_IDENTIFIER = com.riis.CalculatorUITests;
				PRODUCT_NAME = "$(TARGET_NAME)";
				SWIFT_VERSION = 3.0;
				TEST_TARGET_NAME = Calculator;
			};
			name = Release;
		};
/* End XCBuildConfiguration section */

/* Begin XCConfigurationList section */
		D532E7AE1E803EB700C6C52A /* Build configuration list for PBXProject "Calculator" */ = {
			isa = XCConfigurationList;
			buildConfigurations = (
				D532E7D91E803EB800C6C52A /* Debug */,
				D532E7DA1E803EB800C6C52A /* Release */,
			);
			defaultConfigurationIsVisible = 0;
			defaultConfigurationName = Release;
		};
		D532E7DB1E803EB800C6C52A /* Build configuration list for PBXNativeTarget "Calculator" */ = {
			isa = XCConfigurationList;
			buildConfigurations = (
				D532E7DC1E803EB800C6C52A /* Debug */,
				D532E7DD1E803EB800C6C52A /* Release */,
			);
			defaultConfigurationIsVisible = 0;
		};
		D532E7DE1E803EB800C6C52A /* Build configuration list for PBXNativeTarget "CalculatorTests" */ = {
			isa = XCConfigurationList;
			buildConfigurations = (
				D532E7DF1E803EB800C6C52A /* Debug */,
				D532E7E01E803EB800C6C52A /* Release */,
			);
			defaultConfigurationIsVisible = 0;
		};
		D532E7E11E803EB800C6C52A /* Build configuration list for PBXNativeTarget "CalculatorUITests" */ = {
			isa = XCConfigurationList;
			buildConfigurations = (
				D532E7E21E803EB800C6C52A /* Debug */,
				D532E7E31E803EB800C6C52A /* Release */,
			);
			defaultConfigurationIsVisible = 0;
		};
/* End XCConfigurationList section */
	};
	rootObject = D532E7AB1E803EB700C6C52A /* Project object */;
}
